
Microsoft Visual Studio Solution File, Format Version 12.00
# Visual Studio 15
VisualStudioVersion = 15.0.27130.2020
MinimumVisualStudioVersion = 10.0.40219.1
Project("{FAE04EC0-301F-11D3-BF4B-00C04F79EFBC}") = "ChemistryCalculations.Android", "ChemistryCalculations\ChemistryCalculations.Android\ChemistryCalculations.Android.csproj", "{09EED1AD-9AD6-4446-8DC0-2353288F200A}"
EndProject
Project("{FAE04EC0-301F-11D3-BF4B-00C04F79EFBC}") = "ChemistryCalculations.iOS", "ChemistryCalculations\ChemistryCalculations.iOS\ChemistryCalculations.iOS.csproj", "{9FD31CBC-3646-4BEA-9EA6-8A4E678A740E}"
EndProject
Project("{D954291E-2A0B-460D-934E-DC6B0785DB48}") = "ChemistryCalculations", "ChemistryCalculations\ChemistryCalculations\ChemistryCalculations.shproj", "{B6D1CBD8-E5AC-4E33-B271-305B400F384E}"
EndProject
Global
	GlobalSection(SharedMSBuildProjectFiles) = preSolution
		ChemistryCalculations\ChemistryCalculations\ChemistryCalculations.projitems*{09eed1ad-9ad6-4446-8dc0-2353288f200a}*SharedItemsImports = 4
		ChemistryCalculations\ChemistryCalculations\ChemistryCalculations.projitems*{9fd31cbc-3646-4bea-9ea6-8a4e678a740e}*SharedItemsImports = 4
		ChemistryCalculations\ChemistryCalculations\ChemistryCalculations.projitems*{b6d1cbd8-e5ac-4e33-b271-305b400f384e}*SharedItemsImports = 13
	EndGlobalSection
	GlobalSection(SolutionConfigurationPlatforms) = preSolution
		Ad-Hoc|Any CPU = Ad-Hoc|Any CPU
		Ad-Hoc|iPhone = Ad-Hoc|iPhone
		Ad-Hoc|iPhoneSimulator = Ad-Hoc|iPhoneSimulator
		AppStore|Any CPU = AppStore|Any CPU
		AppStore|iPhone = AppStore|iPhone
		AppStore|iPhoneSimulator = AppStore|iPhoneSimulator
		Debug|Any CPU = Debug|Any CPU
		Debug|iPhone = Debug|iPhone
		Debug|iPhoneSimulator = Debug|iPhoneSimulator
		Release|Any CPU = Release|Any CPU
		Release|iPhone = Release|iPhone
		Release|iPhoneSimulator = Release|iPhoneSimulator
	EndGlobalSection
	GlobalSection(ProjectConfigurationPlatforms) = postSolution
		{09EED1AD-9AD6-4446-8DC0-2353288F200A}.Ad-Hoc|Any CPU.ActiveCfg = Release|Any CPU
		{09EED1AD-9AD6-4446-8DC0-2353288F200A}.Ad-Hoc|Any CPU.Build.0 = Release|Any CPU
		{09EED1AD-9AD6-4446-8DC0-2353288F200A}.Ad-Hoc|Any CPU.Deploy.0 = Release|Any CPU
		{09EED1AD-9AD6-4446-8DC0-2353288F200A}.Ad-Hoc|iPhone.ActiveCfg = Release|Any CPU
		{09EED1AD-9AD6-4446-8DC0-2353288F200A}.Ad-Hoc|iPhone.Build.0 = Release|Any CPU
		{09EED1AD-9AD6-4446-8DC0-2353288F200A}.Ad-Hoc|iPhone.Deploy.0 = Release|Any CPU
		{09EED1AD-9AD6-4446-8DC0-2353288F200A}.Ad-Hoc|iPhoneSimulator.ActiveCfg = Release|Any CPU
		{09EED1AD-9AD6-4446-8DC0-2353288F200A}.Ad-Hoc|iPhoneSimulator.Build.0 = Release|Any CPU
		{09EED1AD-9AD6-4446-8DC0-2353288F200A}.Ad-Hoc|iPhoneSimulator.Deploy.0 = Release|Any CPU
		{09EED1AD-9AD6-4446-8DC0-2353288F200A}.AppStore|Any CPU.ActiveCfg = Release|Any CPU
		{09EED1AD-9AD6-4446-8DC0-2353288F200A}.AppStore|Any CPU.Build.0 = Release|Any CPU
		{09EED1AD-9AD6-4446-8DC0-2353288F200A}.AppStore|Any CPU.Deploy.0 = Release|Any CPU
		{09EED1AD-9AD6-4446-8DC0-2353288F200A}.AppStore|iPhone.ActiveCfg = Release|Any CPU
		{09EED1AD-9AD6-4446-8DC0-2353288F200A}.AppStore|iPhone.Build.0 = Release|Any CPU
		{09EED1AD-9AD6-4446-8DC0-2353288F200A}.AppStore|iPhone.Deploy.0 = Release|Any CPU
		{09EED1AD-9AD6-4446-8DC0-2353288F200A}.AppStore|iPhoneSimulator.ActiveCfg = Release|Any CPU
		{09EED1AD-9AD6-4446-8DC0-2353288F200A}.AppStore|iPhoneSimulator.Build.0 = Release|Any CPU
		{09EED1AD-9AD6-4446-8DC0-2353288F200A}.AppStore|iPhoneSimulator.Deploy.0 = Release|Any CPU
		{09EED1AD-9AD6-4446-8DC0-2353288F200A}.Debug|Any CPU.ActiveCfg = Debug|Any CPU
		{09EED1AD-9AD6-4446-8DC0-2353288F200A}.Debug|Any CPU.Build.0 = Debug|Any CPU
		{09EED1AD-9AD6-4446-8DC0-2353288F200A}.Debug|Any CPU.Deploy.0 = Debug|Any CPU
		{09EED1AD-9AD6-4446-8DC0-2353288F200A}.Debug|iPhone.ActiveCfg = Debug|Any CPU
		{09EED1AD-9AD6-4446-8DC0-2353288F200A}.Debug|iPhone.Build.0 = Debug|Any CPU
		{09EED1AD-9AD6-4446-8DC0-2353288F200A}.Debug|iPhone.Deploy.0 = Debug|Any CPU
		{09EED1AD-9AD6-4446-8DC0-2353288F200A}.Debug|iPhoneSimulator.ActiveCfg = Debug|Any CPU
		{09EED1AD-9AD6-4446-8DC0-2353288F200A}.Debug|iPhoneSimulator.Build.0 = Debug|Any CPU
		{09EED1AD-9AD6-4446-8DC0-2353288F200A}.Debug|iPhoneSimulator.Deploy.0 = Debug|Any CPU
		{09EED1AD-9AD6-4446-8DC0-2353288F200A}.Release|Any CPU.ActiveCfg = Release|Any CPU
		{09EED1AD-9AD6-4446-8DC0-2353288F200A}.Release|Any CPU.Build.0 = Release|Any CPU
		{09EED1AD-9AD6-4446-8DC0-2353288F200A}.Release|Any CPU.Deploy.0 = Release|Any CPU
		{09EED1AD-9AD6-4446-8DC0-2353288F200A}.Release|iPhone.ActiveCfg = Release|Any CPU
		{09EED1AD-9AD6-4446-8DC0-2353288F200A}.Release|iPhone.Build.0 = Release|Any CPU
		{09EED1AD-9AD6-4446-8DC0-2353288F200A}.Release|iPhone.Deploy.0 = Release|Any CPU
		{09EED1AD-9AD6-4446-8DC0-2353288F200A}.Release|iPhoneSimulator.ActiveCfg = Release|Any CPU
		{09EED1AD-9AD6-4446-8DC0-2353288F200A}.Release|iPhoneSimulator.Build.0 = Release|Any CPU
		{09EED1AD-9AD6-4446-8DC0-2353288F200A}.Release|iPhoneSimulator.Deploy.0 = Release|Any CPU
		{9FD31CBC-3646-4BEA-9EA6-8A4E678A740E}.Ad-Hoc|Any CPU.ActiveCfg = Ad-Hoc|iPhone
		{9FD31CBC-3646-4BEA-9EA6-8A4E678A740E}.Ad-Hoc|iPhone.ActiveCfg = Ad-Hoc|iPhone
		{9FD31CBC-3646-4BEA-9EA6-8A4E678A740E}.Ad-Hoc|iPhone.Build.0 = Ad-Hoc|iPhone
		{9FD31CBC-3646-4BEA-9EA6-8A4E678A740E}.Ad-Hoc|iPhoneSimulator.ActiveCfg = Ad-Hoc|iPhoneSimulator
		{9FD31CBC-3646-4BEA-9EA6-8A4E678A740E}.Ad-Hoc|iPhoneSimulator.Build.0 = Ad-Hoc|iPhoneSimulator
		{9FD31CBC-3646-4BEA-9EA6-8A4E678A740E}.AppStore|Any CPU.ActiveCfg = AppStore|iPhone
		{9FD31CBC-3646-4BEA-9EA6-8A4E678A740E}.AppStore|iPhone.ActiveCfg = AppStore|iPhone
		{9FD31CBC-3646-4BEA-9EA6-8A4E678A740E}.AppStore|iPhone.Build.0 = AppStore|iPhone
		{9FD31CBC-3646-4BEA-9EA6-8A4E678A740E}.AppStore|iPhoneSimulator.ActiveCfg = AppStore|iPhoneSimulator
		{9FD31CBC-3646-4BEA-9EA6-8A4E678A740E}.AppStore|iPhoneSimulator.Build.0 = AppStore|iPhoneSimulator
		{9FD31CBC-3646-4BEA-9EA6-8A4E678A740E}.Debug|Any CPU.ActiveCfg = Debug|iPhone
		{9FD31CBC-3646-4BEA-9EA6-8A4E678A740E}.Debug|iPhone.ActiveCfg = Debug|iPhone
		{9FD31CBC-3646-4BEA-9EA6-8A4E678A740E}.Debug|iPhone.Build.0 = Debug|iPhone
		{9FD31CBC-3646-4BEA-9EA6-8A4E678A740E}.Debug|iPhoneSimulator.ActiveCfg = Debug|iPhoneSimulator
		{9FD31CBC-3646-4BEA-9EA6-8A4E678A740E}.Debug|iPhoneSimulator.Build.0 = Debug|iPhoneSimulator
		{9FD31CBC-3646-4BEA-9EA6-8A4E678A740E}.Release|Any CPU.ActiveCfg = Release|iPhone
		{9FD31CBC-3646-4BEA-9EA6-8A4E678A740E}.Release|iPhone.ActiveCfg = Release|iPhone
		{9FD31CBC-3646-4BEA-9EA6-8A4E678A740E}.Release|iPhone.Build.0 = Release|iPhone
		{9FD31CBC-3646-4BEA-9EA6-8A4E678A740E}.Release|iPhoneSimulator.ActiveCfg = Release|iPhoneSimulator
		{9FD31CBC-3646-4BEA-9EA6-8A4E678A740E}.Release|iPhoneSimulator.Build.0 = Release|iPhoneSimulator
	EndGlobalSection
	GlobalSection(SolutionProperties) = preSolution
		HideSolutionNode = FALSE
	EndGlobalSection
	GlobalSection(ExtensibilityGlobals) = postSolution
		SolutionGuid = {66ECA515-0E53-4BF1-8569-A2E65B4531BD}
	EndGlobalSection
EndGlobal
